dependencies:
- name: kmcp
  repository: oci://ghcr.io/kagent-dev/kmcp/helm
  version: 0.2.2
- name: kagent-tools
  repository: oci://ghcr.io/kagent-dev/tools/helm
  version: 0.0.13
- name: grafana-mcp
  repository: file://../tools/grafana-mcp
  version: 0.7.13
- name: querydoc
  repository: file://../tools/querydoc
  version: 0.7.13
- name: k8s-agent
  repository: file://../agents/k8s
  version: 0.7.13
- name: kgateway-agent
  repository: file://../agents/kgateway
  version: 0.7.13
- name: istio-agent
  repository: file://../agents/istio
  version: 0.7.13
- name: promql-agent
  repository: file://../agents/promql
  version: 0.7.13
- name: observability-agent
  repository: file://../agents/observability
  version: 0.7.13
- name: argo-rollouts-agent
  repository: file://../agents/argo-rollouts
  version: 0.7.13
- name: helm-agent
  repository: file://../agents/helm
  version: 0.7.13
- name: cilium-policy-agent
  repository: file://../agents/cilium-policy
  version: 0.7.13
- name: cilium-manager-agent
  repository: file://../agents/cilium-manager
  version: 0.7.13
- name: cilium-debug-agent
  repository: file://../agents/cilium-debug
  version: 0.7.13
digest: sha256:45f80a2b550811d63c654a8296ed0ff38df3a4f71a52bd9c2c9b1db72f0f9d88
generated: "2026-02-02T14:59:21.463133476Z"
